# Tested development/build environment: CPython 3.13.7, macOS arm64.
Jinja2==3.1.6
MarkupSafe==3.0.3
PyYAML==6.0.3
Pygments==2.21.0
Sphinx==9.1.0
alabaster==1.0.0
altgraph==0.17.5
ast_serialize==0.9.0
babel==2.18.0
build==1.6.0
certifi==2026.7.22
charset-normalizer==3.5.1
docutils==0.22.4
id==1.6.1
idna==3.19
imagesize==2.0.1
iniconfig==2.3.0
jaraco.classes==3.4.0
jaraco.context==6.1.2
jaraco.functools==4.6.0
keyring==25.7.0
librt==0.15.0
macholib==1.16.4
markdown-it-py==4.2.0
mdit-py-plugins==0.6.1
mdurl==0.1.2
more-itertools==11.1.0
mypy==2.3.1
mypy_extensions==1.1.0
myst-parser==5.1.0
nh3==0.3.7
packaging==26.3
pathspec==1.1.1
pip==26.2.1
platformdirs==4.11.7
pluggy==1.6.0
pyinstaller-hooks-contrib==2026.7
pyinstaller==6.22.2
pyproject_hooks==1.2.0
pytest==9.1.1
readme_renderer==46.0
requests-toolbelt==1.0.0
requests==2.34.2
rfc3986==2.0.0
rich==15.0.0
roman-numerals==4.1.0
ruff==0.16.6
setuptools==84.0.0
simplejson==3.20.2
snowballstemmer==3.1.1
sphinxcontrib-applehelp==2.0.0
sphinxcontrib-devhelp==2.0.0
sphinxcontrib-htmlhelp==2.1.0
sphinxcontrib-jsmath==1.0.1
sphinxcontrib-qthelp==2.0.0
sphinxcontrib-serializinghtml==2.0.0
twine==7.0.0
types-simplejson==4.1.0.20260724
typing_extensions==4.16.0
urllib3==2.7.0
wheel==0.48.0
